
Microsoft Visual Studio Solution File, Format Version 12.00
# Visual Studio Version 16
VisualStudioVersion = 16.0.29728.190
MinimumVisualStudioVersion = 10.0.40219.1
Project("{FAE04EC0-301F-11D3-BF4B-00C04F79EFBC}") = "CRM.ConsultaCEP.Proxy", "CRM.ConsultaCEP.Proxy\CRM.ConsultaCEP.Proxy.csproj", "{87A25C8F-D325-460D-A1B6-9EABC9EA07E6}"
EndProject
Global
	GlobalSection(SolutionConfigurationPlatforms) = preSolution
		Debug|Any CPU = Debug|Any CPU
		Release|Any CPU = Release|Any CPU
	EndGlobalSection
	GlobalSection(ProjectConfigurationPlatforms) = postSolution
		{87A25C8F-D325-460D-A1B6-9EABC9EA07E6}.Debug|Any CPU.ActiveCfg = Debug|Any CPU
		{87A25C8F-D325-460D-A1B6-9EABC9EA07E6}.Debug|Any CPU.Build.0 = Debug|Any CPU
		{87A25C8F-D325-460D-A1B6-9EABC9EA07E6}.Release|Any CPU.ActiveCfg = Release|Any CPU
		{87A25C8F-D325-460D-A1B6-9EABC9EA07E6}.Release|Any CPU.Build.0 = Release|Any CPU
	EndGlobalSection
	GlobalSection(SolutionProperties) = preSolution
		HideSolutionNode = FALSE
	EndGlobalSection
	GlobalSection(ExtensibilityGlobals) = postSolution
		SolutionGuid = {1E6142AE-A702-4795-B02D-4E4B0487EB81}
	EndGlobalSection
EndGlobal
