
Microsoft Visual Studio Solution File, Format Version 12.00
# Visual Studio Version 16
VisualStudioVersion = 16.0.29728.190
MinimumVisualStudioVersion = 10.0.40219.1
Project("{9A19103F-16F7-4668-BE54-9A1E7A4F7556}") = "CRM.Auth.Server", "CRM.Auth.Server\CRM.Auth.Server.csproj", "{19D9B0FB-2607-49EF-809E-787A6A5588F7}"
EndProject
Global
	GlobalSection(SolutionConfigurationPlatforms) = preSolution
		Debug|Any CPU = Debug|Any CPU
		Release|Any CPU = Release|Any CPU
	EndGlobalSection
	GlobalSection(ProjectConfigurationPlatforms) = postSolution
		{19D9B0FB-2607-49EF-809E-787A6A5588F7}.Debug|Any CPU.ActiveCfg = Debug|Any CPU
		{19D9B0FB-2607-49EF-809E-787A6A5588F7}.Debug|Any CPU.Build.0 = Debug|Any CPU
		{19D9B0FB-2607-49EF-809E-787A6A5588F7}.Release|Any CPU.ActiveCfg = Release|Any CPU
		{19D9B0FB-2607-49EF-809E-787A6A5588F7}.Release|Any CPU.Build.0 = Release|Any CPU
	EndGlobalSection
	GlobalSection(SolutionProperties) = preSolution
		HideSolutionNode = FALSE
	EndGlobalSection
	GlobalSection(ExtensibilityGlobals) = postSolution
		SolutionGuid = {7412A734-D1E1-46C6-88B0-BD31FD4AFA53}
	EndGlobalSection
EndGlobal
